// !$*UTF8*$!
{
	archiveVersion = 1;
	classes = {
	};
	objectVersion = 46;
	objects = {

/* Begin PBXBuildFile section */
		0F05BF63A412B764D20557C3 /* Pods_DataMuncherUITests.framework in Frameworks */ = {isa = PBXBuildFile; fileRef = 854F3DD99B9571B6BD975430 /* Pods_DataMuncherUITests.framework */; };
		14A6BE0F1E9B3C63D7B0E8C8 /* Pods_DataMuncher.framework in Frameworks */ = {isa = PBXBuildFile; fileRef = 183A35735517159CEA66C8C1 /* Pods_DataMuncher.framework */; };
		963662C165F35B9D474704C8 /* Pods_DataMuncherTests.framework in Frameworks */ = {isa = PBXBuildFile; fileRef = 83E6E46E40F19D8B11EB3758 /* Pods_DataMuncherTests.framework */; };
		AF6956521DECE4F900DCA06F /* CoreDataManager.swift in Sources */ = {isa = PBXBuildFile; fileRef = AF6956511DECE4F900DCA06F /* CoreDataManager.swift */; };
		AF6956541DECEDD500DCA06F /* FoodItem.swift in Sources */ = {isa = PBXBuildFile; fileRef = AF6956531DECEDD500DCA06F /* FoodItem.swift */; };
		AF6956621DECF4A400DCA06F /* foodStatic.json in Resources */ = {isa = PBXBuildFile; fileRef = AF69565F1DECF4A400DCA06F /* foodStatic.json */; };
		AF6956631DECF4A400DCA06F /* exercisesStatic.json in Resources */ = {isa = PBXBuildFile; fileRef = AF6956601DECF4A400DCA06F /* exercisesStatic.json */; };
		AF6956641DECF4A400DCA06F /* categoriesStatic.json in Resources */ = {isa = PBXBuildFile; fileRef = AF6956611DECF4A400DCA06F /* categoriesStatic.json */; };
		AF6956661DECF5E500DCA06F /* Localizable.strings in Resources */ = {isa = PBXBuildFile; fileRef = AF6956651DECF5E500DCA06F /* Localizable.strings */; };
		AF6956681DECFF8800DCA06F /* ExerciseItem.swift in Sources */ = {isa = PBXBuildFile; fileRef = AF6956671DECFF8800DCA06F /* ExerciseItem.swift */; };
		AF6956A61DED05DE00DCA06F /* ExerciseViewController.swift in Sources */ = {isa = PBXBuildFile; fileRef = AF6956A51DED05DE00DCA06F /* ExerciseViewController.swift */; };
		AF6956A81DED0E2900DCA06F /* ExerciseTableViewCell.swift in Sources */ = {isa = PBXBuildFile; fileRef = AF6956A71DED0E2900DCA06F /* ExerciseTableViewCell.swift */; };
		AF6956AA1DED18B300DCA06F /* MainViewController.swift in Sources */ = {isa = PBXBuildFile; fileRef = AF6956A91DED18B300DCA06F /* MainViewController.swift */; };
		AF6956AC1DEDA3EB00DCA06F /* JsonParsedObject.swift in Sources */ = {isa = PBXBuildFile; fileRef = AF6956AB1DEDA3EB00DCA06F /* JsonParsedObject.swift */; };
		AF6956AE1DEDB1DB00DCA06F /* FoodCategoryItem.swift in Sources */ = {isa = PBXBuildFile; fileRef = AF6956AD1DEDB1DB00DCA06F /* FoodCategoryItem.swift */; };
		AF6956B01DEDB6A000DCA06F /* LocalizedItem.swift in Sources */ = {isa = PBXBuildFile; fileRef = AF6956AF1DEDB6A000DCA06F /* LocalizedItem.swift */; };
		AF6956B21DEDB7E500DCA06F /* UniqueItem.swift in Sources */ = {isa = PBXBuildFile; fileRef = AF6956B11DEDB7E500DCA06F /* UniqueItem.swift */; };
		AF6956B41DEDBC7500DCA06F /* CategoriesViewController.swift in Sources */ = {isa = PBXBuildFile; fileRef = AF6956B31DEDBC7500DCA06F /* CategoriesViewController.swift */; };
		AF6956B61DEDBDC000DCA06F /* CategoryTableViewCell.swift in Sources */ = {isa = PBXBuildFile; fileRef = AF6956B51DEDBDC000DCA06F /* CategoryTableViewCell.swift */; };
		AF6956B81DEDBEE200DCA06F /* ShowAlertView.swift in Sources */ = {isa = PBXBuildFile; fileRef = AF6956B71DEDBEE200DCA06F /* ShowAlertView.swift */; };
		AF6C60941DEC628C00DF57DF /* AppDelegate.swift in Sources */ = {isa = PBXBuildFile; fileRef = AF6C60931DEC628C00DF57DF /* AppDelegate.swift */; };
		AF6C60961DEC628C00DF57DF /* FoodViewController.swift in Sources */ = {isa = PBXBuildFile; fileRef = AF6C60951DEC628C00DF57DF /* FoodViewController.swift */; };
		AF6C60991DEC628C00DF57DF /* Main.storyboard in Resources */ = {isa = PBXBuildFile; fileRef = AF6C60971DEC628C00DF57DF /* Main.storyboard */; };
		AF6C609C1DEC628C00DF57DF /* DataMuncher.xcdatamodeld in Sources */ = {isa = PBXBuildFile; fileRef = AF6C609A1DEC628C00DF57DF /* DataMuncher.xcdatamodeld */; };
		AF6C609E1DEC628C00DF57DF /* Assets.xcassets in Resources */ = {isa = PBXBuildFile; fileRef = AF6C609D1DEC628C00DF57DF /* Assets.xcassets */; };
		AF6C60A11DEC628C00DF57DF /* LaunchScreen.storyboard in Resources */ = {isa = PBXBuildFile; fileRef = AF6C609F1DEC628C00DF57DF /* LaunchScreen.storyboard */; };
		AF6C60AC1DEC628C00DF57DF /* DataMuncherTests.swift in Sources */ = {isa = PBXBuildFile; fileRef = AF6C60AB1DEC628C00DF57DF /* DataMuncherTests.swift */; };
		AF6C60B71DEC628C00DF57DF /* DataMuncherUITests.swift in Sources */ = {isa = PBXBuildFile; fileRef = AF6C60B61DEC628C00DF57DF /* DataMuncherUITests.swift */; };
/* End PBXBuildFile section */

/* Begin PBXContainerItemProxy section */
		AF6C60A81DEC628C00DF57DF /* PBXContainerItemProxy */ = {
			isa = PBXContainerItemProxy;
			containerPortal = AF6C60881DEC628C00DF57DF /* Project object */;
			proxyType = 1;
			remoteGlobalIDString = AF6C608F1DEC628C00DF57DF;
			remoteInfo = DataMuncher;
		};
		AF6C60B31DEC628C00DF57DF /* PBXContainerItemProxy */ = {
			isa = PBXContainerItemProxy;
			containerPortal = AF6C60881DEC628C00DF57DF /* Project object */;
			proxyType = 1;
			remoteGlobalIDString = AF6C608F1DEC628C00DF57DF;
			remoteInfo = DataMuncher;
		};
/* End PBXContainerItemProxy section */

/* Begin PBXFileReference section */
		183A35735517159CEA66C8C1 /* Pods_DataMuncher.framework */ = {isa = PBXFileReference; explicitFileType = wrapper.framework; includeInIndex = 0; path = Pods_DataMuncher.framework; sourceTree = BUILT_PRODUCTS_DIR; };
		665A7DCAF3B65D0BEDAC8A06 /* Pods-DataMuncher.debug.xcconfig */ = {isa = PBXFileReference; includeInIndex = 1; lastKnownFileType = text.xcconfig; name = "Pods-DataMuncher.debug.xcconfig"; path = "Pods/Target Support Files/Pods-DataMuncher/Pods-DataMuncher.debug.xcconfig"; sourceTree = "<group>"; };
		751365F7354FB4BB2176A769 /* Pods-DataMuncherTests.release.xcconfig */ = {isa = PBXFileReference; includeInIndex = 1; lastKnownFileType = text.xcconfig; name = "Pods-DataMuncherTests.release.xcconfig"; path = "Pods/Target Support Files/Pods-DataMuncherTests/Pods-DataMuncherTests.release.xcconfig"; sourceTree = "<group>"; };
		83E6E46E40F19D8B11EB3758 /* Pods_DataMuncherTests.framework */ = {isa = PBXFileReference; explicitFileType = wrapper.framework; includeInIndex = 0; path = Pods_DataMuncherTests.framework; sourceTree = BUILT_PRODUCTS_DIR; };
		854F3DD99B9571B6BD975430 /* Pods_DataMuncherUITests.framework */ = {isa = PBXFileReference; explicitFileType = wrapper.framework; includeInIndex = 0; path = Pods_DataMuncherUITests.framework; sourceTree = BUILT_PRODUCTS_DIR; };
		AF6956511DECE4F900DCA06F /* CoreDataManager.swift */ = {isa = PBXFileReference; fileEncoding = 4; lastKnownFileType = sourcecode.swift; path = CoreDataManager.swift; sourceTree = "<group>"; };
		AF6956531DECEDD500DCA06F /* FoodItem.swift */ = {isa = PBXFileReference; fileEncoding = 4; lastKnownFileType = sourcecode.swift; path = FoodItem.swift; sourceTree = "<group>"; };
		AF69565F1DECF4A400DCA06F /* foodStatic.json */ = {isa = PBXFileReference; fileEncoding = 4; lastKnownFileType = text.json; path = foodStatic.json; sourceTree = "<group>"; };
		AF6956601DECF4A400DCA06F /* exercisesStatic.json */ = {isa = PBXFileReference; fileEncoding = 4; lastKnownFileType = text.json; path = exercisesStatic.json; sourceTree = "<group>"; };
		AF6956611DECF4A400DCA06F /* categoriesStatic.json */ = {isa = PBXFileReference; fileEncoding = 4; lastKnownFileType = text.json; path = categoriesStatic.json; sourceTree = "<group>"; };
		AF6956651DECF5E500DCA06F /* Localizable.strings */ = {isa = PBXFileReference; fileEncoding = 4; lastKnownFileType = text.plist.strings; path = Localizable.strings; sourceTree = "<group>"; };
		AF6956671DECFF8800DCA06F /* ExerciseItem.swift */ = {isa = PBXFileReference; fileEncoding = 4; lastKnownFileType = sourcecode.swift; path = ExerciseItem.swift; sourceTree = "<group>"; };
		AF6956A51DED05DE00DCA06F /* ExerciseViewController.swift */ = {isa = PBXFileReference; fileEncoding = 4; lastKnownFileType = sourcecode.swift; path = ExerciseViewController.swift; sourceTree = "<group>"; };
		AF6956A71DED0E2900DCA06F /* ExerciseTableViewCell.swift */ = {isa = PBXFileReference; fileEncoding = 4; lastKnownFileType = sourcecode.swift; path = ExerciseTableViewCell.swift; sourceTree = "<group>"; };
		AF6956A91DED18B300DCA06F /* MainViewController.swift */ = {isa = PBXFileReference; fileEncoding = 4; lastKnownFileType = sourcecode.swift; path = MainViewController.swift; sourceTree = "<group>"; };
		AF6956AB1DEDA3EB00DCA06F /* JsonParsedObject.swift */ = {isa = PBXFileReference; fileEncoding = 4; lastKnownFileType = sourcecode.swift; path = JsonParsedObject.swift; sourceTree = "<group>"; };
		AF6956AD1DEDB1DB00DCA06F /* FoodCategoryItem.swift */ = {isa = PBXFileReference; fileEncoding = 4; lastKnownFileType = sourcecode.swift; path = FoodCategoryItem.swift; sourceTree = "<group>"; };
		AF6956AF1DEDB6A000DCA06F /* LocalizedItem.swift */ = {isa = PBXFileReference; fileEncoding = 4; lastKnownFileType = sourcecode.swift; path = LocalizedItem.swift; sourceTree = "<group>"; };
		AF6956B11DEDB7E500DCA06F /* UniqueItem.swift */ = {isa = PBXFileReference; fileEncoding = 4; lastKnownFileType = sourcecode.swift; path = UniqueItem.swift; sourceTree = "<group>"; };
		AF6956B31DEDBC7500DCA06F /* CategoriesViewController.swift */ = {isa = PBXFileReference; fileEncoding = 4; lastKnownFileType = sourcecode.swift; path = CategoriesViewController.swift; sourceTree = "<group>"; };
		AF6956B51DEDBDC000DCA06F /* CategoryTableViewCell.swift */ = {isa = PBXFileReference; fileEncoding = 4; lastKnownFileType = sourcecode.swift; path = CategoryTableViewCell.swift; sourceTree = "<group>"; };
		AF6956B71DEDBEE200DCA06F /* ShowAlertView.swift */ = {isa = PBXFileReference; fileEncoding = 4; lastKnownFileType = sourcecode.swift; path = ShowAlertView.swift; sourceTree = "<group>"; };
		AF6C60901DEC628C00DF57DF /* DataMuncher.app */ = {isa = PBXFileReference; explicitFileType = wrapper.application; includeInIndex = 0; path = DataMuncher.app; sourceTree = BUILT_PRODUCTS_DIR; };
		AF6C60931DEC628C00DF57DF /* AppDelegate.swift */ = {isa = PBXFileReference; lastKnownFileType = sourcecode.swift; path = AppDelegate.swift; sourceTree = "<group>"; };
		AF6C60951DEC628C00DF57DF /* FoodViewController.swift */ = {isa = PBXFileReference; lastKnownFileType = sourcecode.swift; path = FoodViewController.swift; sourceTree = "<group>"; };
		AF6C60981DEC628C00DF57DF /* Base */ = {isa = PBXFileReference; lastKnownFileType = file.storyboard; name = Base; path = Base.lproj/Main.storyboard; sourceTree = "<group>"; };
		AF6C609B1DEC628C00DF57DF /* DataMuncher.xcdatamodel */ = {isa = PBXFileReference; lastKnownFileType = wrapper.xcdatamodel; path = DataMuncher.xcdatamodel; sourceTree = "<group>"; };
		AF6C609D1DEC628C00DF57DF /* Assets.xcassets */ = {isa = PBXFileReference; lastKnownFileType = folder.assetcatalog; path = Assets.xcassets; sourceTree = "<group>"; };
		AF6C60A01DEC628C00DF57DF /* Base */ = {isa = PBXFileReference; lastKnownFileType = file.storyboard; name = Base; path = Base.lproj/LaunchScreen.storyboard; sourceTree = "<group>"; };
		AF6C60A21DEC628C00DF57DF /* Info.plist */ = {isa = PBXFileReference; lastKnownFileType = text.plist.xml; path = Info.plist; sourceTree = "<group>"; };
		AF6C60A71DEC628C00DF57DF /* DataMuncherTests.xctest */ = {isa = PBXFileReference; explicitFileType = wrapper.cfbundle; includeInIndex = 0; path = DataMuncherTests.xctest; sourceTree = BUILT_PRODUCTS_DIR; };
		AF6C60AB1DEC628C00DF57DF /* DataMuncherTests.swift */ = {isa = PBXFileReference; lastKnownFileType = sourcecode.swift; path = DataMuncherTests.swift; sourceTree = "<group>"; };
		AF6C60AD1DEC628C00DF57DF /* Info.plist */ = {isa = PBXFileReference; lastKnownFileType = text.plist.xml; path = Info.plist; sourceTree = "<group>"; };
		AF6C60B21DEC628C00DF57DF /* DataMuncherUITests.xctest */ = {isa = PBXFileReference; explicitFileType = wrapper.cfbundle; includeInIndex = 0; path = DataMuncherUITests.xctest; sourceTree = BUILT_PRODUCTS_DIR; };
		AF6C60B61DEC628C00DF57DF /* DataMuncherUITests.swift */ = {isa = PBXFileReference; lastKnownFileType = sourcecode.swift; path = DataMuncherUITests.swift; sourceTree = "<group>"; };
		AF6C60B81DEC628C00DF57DF /* Info.plist */ = {isa = PBXFileReference; lastKnownFileType = text.plist.xml; path = Info.plist; sourceTree = "<group>"; };
		BAAC8FA42505E2884F678EF7 /* Pods-DataMuncher.release.xcconfig */ = {isa = PBXFileReference; includeInIndex = 1; lastKnownFileType = text.xcconfig; name = "Pods-DataMuncher.release.xcconfig"; path = "Pods/Target Support Files/Pods-DataMuncher/Pods-DataMuncher.release.xcconfig"; sourceTree = "<group>"; };
		BDB7767E41FAD65258623CF8 /* Pods-DataMuncherUITests.release.xcconfig */ = {isa = PBXFileReference; includeInIndex = 1; lastKnownFileType = text.xcconfig; name = "Pods-DataMuncherUITests.release.xcconfig"; path = "Pods/Target Support Files/Pods-DataMuncherUITests/Pods-DataMuncherUITests.release.xcconfig"; sourceTree = "<group>"; };
		BECF6EF6607543751D9A0889 /* Pods-DataMuncherTests.debug.xcconfig */ = {isa = PBXFileReference; includeInIndex = 1; lastKnownFileType = text.xcconfig; name = "Pods-DataMuncherTests.debug.xcconfig"; path = "Pods/Target Support Files/Pods-DataMuncherTests/Pods-DataMuncherTests.debug.xcconfig"; sourceTree = "<group>"; };
		BFFDEB1215C8320FE3A0BC7A /* Pods-DataMuncherUITests.debug.xcconfig */ = {isa = PBXFileReference; includeInIndex = 1; lastKnownFileType = text.xcconfig; name = "Pods-DataMuncherUITests.debug.xcconfig"; path = "Pods/Target Support Files/Pods-DataMuncherUITests/Pods-DataMuncherUITests.debug.xcconfig"; sourceTree = "<group>"; };
/* End PBXFileReference section */

/* Begin PBXFrameworksBuildPhase section */
		AF6C608D1DEC628C00DF57DF /* Frameworks */ = {
			isa = PBXFrameworksBuildPhase;
			buildActionMask = 2147483647;
			files = (
				14A6BE0F1E9B3C63D7B0E8C8 /* Pods_DataMuncher.framework in Frameworks */,
			);
			runOnlyForDeploymentPostprocessing = 0;
		};
		AF6C60A41DEC628C00DF57DF /* Frameworks */ = {
			isa = PBXFrameworksBuildPhase;
			buildActionMask = 2147483647;
			files = (
				963662C165F35B9D474704C8 /* Pods_DataMuncherTests.framework in Frameworks */,
			);
			runOnlyForDeploymentPostprocessing = 0;
		};
		AF6C60AF1DEC628C00DF57DF /* Frameworks */ = {
			isa = PBXFrameworksBuildPhase;
			buildActionMask = 2147483647;
			files = (
				0F05BF63A412B764D20557C3 /* Pods_DataMuncherUITests.framework in Frameworks */,
			);
			runOnlyForDeploymentPostprocessing = 0;
		};
/* End PBXFrameworksBuildPhase section */

/* Begin PBXGroup section */
		5D62E90495DA631892805613 /* Pods */ = {
			isa = PBXGroup;
			children = (
				665A7DCAF3B65D0BEDAC8A06 /* Pods-DataMuncher.debug.xcconfig */,
				BAAC8FA42505E2884F678EF7 /* Pods-DataMuncher.release.xcconfig */,
				BECF6EF6607543751D9A0889 /* Pods-DataMuncherTests.debug.xcconfig */,
				751365F7354FB4BB2176A769 /* Pods-DataMuncherTests.release.xcconfig */,
				BFFDEB1215C8320FE3A0BC7A /* Pods-DataMuncherUITests.debug.xcconfig */,
				BDB7767E41FAD65258623CF8 /* Pods-DataMuncherUITests.release.xcconfig */,
			);
			name = Pods;
			sourceTree = "<group>";
		};
		9ECD1A41B0DA69F3E79A592D /* Frameworks */ = {
			isa = PBXGroup;
			children = (
				183A35735517159CEA66C8C1 /* Pods_DataMuncher.framework */,
				83E6E46E40F19D8B11EB3758 /* Pods_DataMuncherTests.framework */,
				854F3DD99B9571B6BD975430 /* Pods_DataMuncherUITests.framework */,
			);
			name = Frameworks;
			sourceTree = "<group>";
		};
		AF69565B1DECF3F600DCA06F /* RawData */ = {
			isa = PBXGroup;
			children = (
				AF69565F1DECF4A400DCA06F /* foodStatic.json */,
				AF6956601DECF4A400DCA06F /* exercisesStatic.json */,
				AF6956611DECF4A400DCA06F /* categoriesStatic.json */,
			);
			name = RawData;
			sourceTree = "<group>";
		};
		AF69565C1DECF40C00DCA06F /* Resources */ = {
			isa = PBXGroup;
			children = (
				AF6C609D1DEC628C00DF57DF /* Assets.xcassets */,
				AF6C60A21DEC628C00DF57DF /* Info.plist */,
				AF6956651DECF5E500DCA06F /* Localizable.strings */,
			);
			name = Resources;
			sourceTree = "<group>";
		};
		AF69565D1DECF42800DCA06F /* Data */ = {
			isa = PBXGroup;
			children = (
				AF6956AB1DEDA3EB00DCA06F /* JsonParsedObject.swift */,
				AF6956AF1DEDB6A000DCA06F /* LocalizedItem.swift */,
				AF6956B11DEDB7E500DCA06F /* UniqueItem.swift */,
				AF6956531DECEDD500DCA06F /* FoodItem.swift */,
				AF6956671DECFF8800DCA06F /* ExerciseItem.swift */,
				AF6956AD1DEDB1DB00DCA06F /* FoodCategoryItem.swift */,
				AF6C609A1DEC628C00DF57DF /* DataMuncher.xcdatamodeld */,
			);
			name = Data;
			sourceTree = "<group>";
		};
		AF69565E1DECF43300DCA06F /* Views */ = {
			isa = PBXGroup;
			children = (
				AF6C60951DEC628C00DF57DF /* FoodViewController.swift */,
				AF6956A51DED05DE00DCA06F /* ExerciseViewController.swift */,
				AF6956A71DED0E2900DCA06F /* ExerciseTableViewCell.swift */,
				AF6956B51DEDBDC000DCA06F /* CategoryTableViewCell.swift */,
				AF6956B71DEDBEE200DCA06F /* ShowAlertView.swift */,
				AF6956B31DEDBC7500DCA06F /* CategoriesViewController.swift */,
				AF6956A91DED18B300DCA06F /* MainViewController.swift */,
			);
			name = Views;
			sourceTree = "<group>";
		};
		AF6C60871DEC628C00DF57DF = {
			isa = PBXGroup;
			children = (
				AF6C60921DEC628C00DF57DF /* DataMuncher */,
				AF6C60AA1DEC628C00DF57DF /* DataMuncherTests */,
				AF6C60B51DEC628C00DF57DF /* DataMuncherUITests */,
				AF6C60911DEC628C00DF57DF /* Products */,
				5D62E90495DA631892805613 /* Pods */,
				9ECD1A41B0DA69F3E79A592D /* Frameworks */,
			);
			sourceTree = "<group>";
		};
		AF6C60911DEC628C00DF57DF /* Products */ = {
			isa = PBXGroup;
			children = (
				AF6C60901DEC628C00DF57DF /* DataMuncher.app */,
				AF6C60A71DEC628C00DF57DF /* DataMuncherTests.xctest */,
				AF6C60B21DEC628C00DF57DF /* DataMuncherUITests.xctest */,
			);
			name = Products;
			sourceTree = "<group>";
		};
		AF6C60921DEC628C00DF57DF /* DataMuncher */ = {
			isa = PBXGroup;
			children = (
				AF69565E1DECF43300DCA06F /* Views */,
				AF69565D1DECF42800DCA06F /* Data */,
				AF6C60931DEC628C00DF57DF /* AppDelegate.swift */,
				AF6956511DECE4F900DCA06F /* CoreDataManager.swift */,
				AF6C609F1DEC628C00DF57DF /* LaunchScreen.storyboard */,
				AF6C60971DEC628C00DF57DF /* Main.storyboard */,
				AF69565B1DECF3F600DCA06F /* RawData */,
				AF69565C1DECF40C00DCA06F /* Resources */,
			);
			path = DataMuncher;
			sourceTree = "<group>";
		};
		AF6C60AA1DEC628C00DF57DF /* DataMuncherTests */ = {
			isa = PBXGroup;
			children = (
				AF6C60AB1DEC628C00DF57DF /* DataMuncherTests.swift */,
				AF6C60AD1DEC628C00DF57DF /* Info.plist */,
			);
			path = DataMuncherTests;
			sourceTree = "<group>";
		};
		AF6C60B51DEC628C00DF57DF /* DataMuncherUITests */ = {
			isa = PBXGroup;
			children = (
				AF6C60B61DEC628C00DF57DF /* DataMuncherUITests.swift */,
				AF6C60B81DEC628C00DF57DF /* Info.plist */,
			);
			path = DataMuncherUITests;
			sourceTree = "<group>";
		};
/* End PBXGroup section */

/* Begin PBXNativeTarget section */
		AF6C608F1DEC628C00DF57DF /* DataMuncher */ = {
			isa = PBXNativeTarget;
			buildConfigurationList = AF6C60BB1DEC628C00DF57DF /* Build configuration list for PBXNativeTarget "DataMuncher" */;
			buildPhases = (
				A7FB0054F1371317D83A8D00 /* [CP] Check Pods Manifest.lock */,
				AF6C608C1DEC628C00DF57DF /* Sources */,
				AF6C608D1DEC628C00DF57DF /* Frameworks */,
				AF6C608E1DEC628C00DF57DF /* Resources */,
				F96026460B8B033A5F0CB0E5 /* [CP] Embed Pods Frameworks */,
				501D4125D38C73B2C08EE690 /* [CP] Copy Pods Resources */,
			);
			buildRules = (
			);
			dependencies = (
			);
			name = DataMuncher;
			productName = DataMuncher;
			productReference = AF6C60901DEC628C00DF57DF /* DataMuncher.app */;
			productType = "com.apple.product-type.application";
		};
		AF6C60A61DEC628C00DF57DF /* DataMuncherTests */ = {
			isa = PBXNativeTarget;
			buildConfigurationList = AF6C60BE1DEC628C00DF57DF /* Build configuration list for PBXNativeTarget "DataMuncherTests" */;
			buildPhases = (
				294543E7736316365D7494FA /* [CP] Check Pods Manifest.lock */,
				AF6C60A31DEC628C00DF57DF /* Sources */,
				AF6C60A41DEC628C00DF57DF /* Frameworks */,
				AF6C60A51DEC628C00DF57DF /* Resources */,
				99B344B78C38454C45EEBB3A /* [CP] Embed Pods Frameworks */,
				7E54898D7A47F71CEC28263B /* [CP] Copy Pods Resources */,
			);
			buildRules = (
			);
			dependencies = (
				AF6C60A91DEC628C00DF57DF /* PBXTargetDependency */,
			);
			name = DataMuncherTests;
			productName = DataMuncherTests;
			productReference = AF6C60A71DEC628C00DF57DF /* DataMuncherTests.xctest */;
			productType = "com.apple.product-type.bundle.unit-test";
		};
		AF6C60B11DEC628C00DF57DF /* DataMuncherUITests */ = {
			isa = PBXNativeTarget;
			buildConfigurationList = AF6C60C11DEC628C00DF57DF /* Build configuration list for PBXNativeTarget "DataMuncherUITests" */;
			buildPhases = (
				0DC5785CFD182F09B18E4022 /* [CP] Check Pods Manifest.lock */,
				AF6C60AE1DEC628C00DF57DF /* Sources */,
				AF6C60AF1DEC628C00DF57DF /* Frameworks */,
				AF6C60B01DEC628C00DF57DF /* Resources */,
				2A6851ED498C0C03C6A6BBE8 /* [CP] Embed Pods Frameworks */,
				C09F701038A0991023DADE74 /* [CP] Copy Pods Resources */,
			);
			buildRules = (
			);
			dependencies = (
				AF6C60B41DEC628C00DF57DF /* PBXTargetDependency */,
			);
			name = DataMuncherUITests;
			productName = DataMuncherUITests;
			productReference = AF6C60B21DEC628C00DF57DF /* DataMuncherUITests.xctest */;
			productType = "com.apple.product-type.bundle.ui-testing";
		};
/* End PBXNativeTarget section */

/* Begin PBXProject section */
		AF6C60881DEC628C00DF57DF /* Project object */ = {
			isa = PBXProject;
			attributes = {
				LastSwiftUpdateCheck = 0810;
				LastUpgradeCheck = 0810;
				ORGANIZATIONNAME = "Joseph Elliott";
				TargetAttributes = {
					AF6C608F1DEC628C00DF57DF = {
						CreatedOnToolsVersion = 8.1;
						DevelopmentTeam = TW9WUV96TG;
						ProvisioningStyle = Automatic;
					};
					AF6C60A61DEC628C00DF57DF = {
						CreatedOnToolsVersion = 8.1;
						DevelopmentTeam = TW9WUV96TG;
						ProvisioningStyle = Automatic;
						TestTargetID = AF6C608F1DEC628C00DF57DF;
					};
					AF6C60B11DEC628C00DF57DF = {
						CreatedOnToolsVersion = 8.1;
						DevelopmentTeam = TW9WUV96TG;
						ProvisioningStyle = Automatic;
						TestTargetID = AF6C608F1DEC628C00DF57DF;
					};
				};
			};
			buildConfigurationList = AF6C608B1DEC628C00DF57DF /* Build configuration list for PBXProject "DataMuncher" */;
			compatibilityVersion = "Xcode 3.2";
			developmentRegion = English;
			hasScannedForEncodings = 0;
			knownRegions = (
				en,
				Base,
			);
			mainGroup = AF6C60871DEC628C00DF57DF;
			productRefGroup = AF6C60911DEC628C00DF57DF /* Products */;
			projectDirPath = "";
			projectRoot = "";
			targets = (
				AF6C608F1DEC628C00DF57DF /* DataMuncher */,
				AF6C60A61DEC628C00DF57DF /* DataMuncherTests */,
				AF6C60B11DEC628C00DF57DF /* DataMuncherUITests */,
			);
		};
/* End PBXProject section */

/* Begin PBXResourcesBuildPhase section */
		AF6C608E1DEC628C00DF57DF /* Resources */ = {
			isa = PBXResourcesBuildPhase;
			buildActionMask = 2147483647;
			files = (
				AF6C60A11DEC628C00DF57DF /* LaunchScreen.storyboard in Resources */,
				AF6C609E1DEC628C00DF57DF /* Assets.xcassets in Resources */,
				AF6C60991DEC628C00DF57DF /* Main.storyboard in Resources */,
				AF6956661DECF5E500DCA06F /* Localizable.strings in Resources */,
				AF6956631DECF4A400DCA06F /* exercisesStatic.json in Resources */,
				AF6956621DECF4A400DCA06F /* foodStatic.json in Resources */,
				AF6956641DECF4A400DCA06F /* categoriesStatic.json in Resources */,
			);
			runOnlyForDeploymentPostprocessing = 0;
		};
		AF6C60A51DEC628C00DF57DF /* Resources */ = {
			isa = PBXResourcesBuildPhase;
			buildActionMask = 2147483647;
			files = (
			);
			runOnlyForDeploymentPostprocessing = 0;
		};
		AF6C60B01DEC628C00DF57DF /* Resources */ = {
			isa = PBXResourcesBuildPhase;
			buildActionMask = 2147483647;
			files = (
			);
			runOnlyForDeploymentPostprocessing = 0;
		};
/* End PBXResourcesBuildPhase section */

/* Begin PBXShellScriptBuildPhase section */
		0DC5785CFD182F09B18E4022 /* [CP] Check Pods Manifest.lock */ = {
			isa = PBXShellScriptBuildPhase;
			buildActionMask = 2147483647;
			files = (
			);
			inputPaths = (
			);
			name = "[CP] Check Pods Manifest.lock";
			outputPaths = (
			);
			runOnlyForDeploymentPostprocessing = 0;
			shellPath = /bin/sh;
			shellScript = "diff \"${PODS_ROOT}/../Podfile.lock\" \"${PODS_ROOT}/Manifest.lock\" > /dev/null\nif [ $? != 0 ] ; then\n    # print error to STDERR\n    echo \"error: The sandbox is not in sync with the Podfile.lock. Run 'pod install' or update your CocoaPods installation.\" >&2\n    exit 1\nfi\n";
			showEnvVarsInLog = 0;
		};
		294543E7736316365D7494FA /* [CP] Check Pods Manifest.lock */ = {
			isa = PBXShellScriptBuildPhase;
			buildActionMask = 2147483647;
			files = (
			);
			inputPaths = (
			);
			name = "[CP] Check Pods Manifest.lock";
			outputPaths = (
			);
			runOnlyForDeploymentPostprocessing = 0;
			shellPath = /bin/sh;
			shellScript = "diff \"${PODS_ROOT}/../Podfile.lock\" \"${PODS_ROOT}/Manifest.lock\" > /dev/null\nif [ $? != 0 ] ; then\n    # print error to STDERR\n    echo \"error: The sandbox is not in sync with the Podfile.lock. Run 'pod install' or update your CocoaPods installation.\" >&2\n    exit 1\nfi\n";
			showEnvVarsInLog = 0;
		};
		2A6851ED498C0C03C6A6BBE8 /* [CP] Embed Pods Frameworks */ = {
			isa = PBXShellScriptBuildPhase;
			buildActionMask = 2147483647;
			files = (
			);
			inputPaths = (
			);
			name = "[CP] Embed Pods Frameworks";
			outputPaths = (
			);
			runOnlyForDeploymentPostprocessing = 0;
			shellPath = /bin/sh;
			shellScript = "\"${SRCROOT}/Pods/Target Support Files/Pods-DataMuncherUITests/Pods-DataMuncherUITests-frameworks.sh\"\n";
			showEnvVarsInLog = 0;
		};
		501D4125D38C73B2C08EE690 /* [CP] Copy Pods Resources */ = {
			isa = PBXShellScriptBuildPhase;
			buildActionMask = 2147483647;
			files = (
			);
			inputPaths = (
			);
			name = "[CP] Copy Pods Resources";
			outputPaths = (
			);
			runOnlyForDeploymentPostprocessing = 0;
			shellPath = /bin/sh;
			shellScript = "\"${SRCROOT}/Pods/Target Support Files/Pods-DataMuncher/Pods-DataMuncher-resources.sh\"\n";
			showEnvVarsInLog = 0;
		};
		7E54898D7A47F71CEC28263B /* [CP] Copy Pods Resources */ = {
			isa = PBXShellScriptBuildPhase;
			buildActionMask = 2147483647;
			files = (
			);
			inputPaths = (
			);
			name = "[CP] Copy Pods Resources";
			outputPaths = (
			);
			runOnlyForDeploymentPostprocessing = 0;
			shellPath = /bin/sh;
			shellScript = "\"${SRCROOT}/Pods/Target Support Files/Pods-DataMuncherTests/Pods-DataMuncherTests-resources.sh\"\n";
			showEnvVarsInLog = 0;
		};
		99B344B78C38454C45EEBB3A /* [CP] Embed Pods Frameworks */ = {
			isa = PBXShellScriptBuildPhase;
			buildActionMask = 2147483647;
			files = (
			);
			inputPaths = (
			);
			name = "[CP] Embed Pods Frameworks";
			outputPaths = (
			);
			runOnlyForDeploymentPostprocessing = 0;
			shellPath = /bin/sh;
			shellScript = "\"${SRCROOT}/Pods/Target Support Files/Pods-DataMuncherTests/Pods-DataMuncherTests-frameworks.sh\"\n";
			showEnvVarsInLog = 0;
		};
		A7FB0054F1371317D83A8D00 /* [CP] Check Pods Manifest.lock */ = {
			isa = PBXShellScriptBuildPhase;
			buildActionMask = 2147483647;
			files = (
			);
			inputPaths = (
			);
			name = "[CP] Check Pods Manifest.lock";
			outputPaths = (
			);
			runOnlyForDeploymentPostprocessing = 0;
			shellPath = /bin/sh;
			shellScript = "diff \"${PODS_ROOT}/../Podfile.lock\" \"${PODS_ROOT}/Manifest.lock\" > /dev/null\nif [ $? != 0 ] ; then\n    # print error to STDERR\n    echo \"error: The sandbox is not in sync with the Podfile.lock. Run 'pod install' or update your CocoaPods installation.\" >&2\n    exit 1\nfi\n";
			showEnvVarsInLog = 0;
		};
		C09F701038A0991023DADE74 /* [CP] Copy Pods Resources */ = {
			isa = PBXShellScriptBuildPhase;
			buildActionMask = 2147483647;
			files = (
			);
			inputPaths = (
			);
			name = "[CP] Copy Pods Resources";
			outputPaths = (
			);
			runOnlyForDeploymentPostprocessing = 0;
			shellPath = /bin/sh;
			shellScript = "\"${SRCROOT}/Pods/Target Support Files/Pods-DataMuncherUITests/Pods-DataMuncherUITests-resources.sh\"\n";
			showEnvVarsInLog = 0;
		};
		F96026460B8B033A5F0CB0E5 /* [CP] Embed Pods Frameworks */ = {
			isa = PBXShellScriptBuildPhase;
			buildActionMask = 2147483647;
			files = (
			);
			inputPaths = (
			);
			name = "[CP] Embed Pods Frameworks";
			outputPaths = (
			);
			runOnlyForDeploymentPostprocessing = 0;
			shellPath = /bin/sh;
			shellScript = "\"${SRCROOT}/Pods/Target Support Files/Pods-DataMuncher/Pods-DataMuncher-frameworks.sh\"\n";
			showEnvVarsInLog = 0;
		};
/* End PBXShellScriptBuildPhase section */

/* Begin PBXSourcesBuildPhase section */
		AF6C608C1DEC628C00DF57DF /* Sources */ = {
			isa = PBXSourcesBuildPhase;
			buildActionMask = 2147483647;
			files = (
				AF6956B01DEDB6A000DCA06F /* LocalizedItem.swift in Sources */,
				AF6956541DECEDD500DCA06F /* FoodItem.swift in Sources */,
				AF6956B81DEDBEE200DCA06F /* ShowAlertView.swift in Sources */,
				AF6956B21DEDB7E500DCA06F /* UniqueItem.swift in Sources */,
				AF6956AE1DEDB1DB00DCA06F /* FoodCategoryItem.swift in Sources */,
				AF6956A81DED0E2900DCA06F /* ExerciseTableViewCell.swift in Sources */,
				AF6956B61DEDBDC000DCA06F /* CategoryTableViewCell.swift in Sources */,
				AF6956A61DED05DE00DCA06F /* ExerciseViewController.swift in Sources */,
				AF6C60961DEC628C00DF57DF /* FoodViewController.swift in Sources */,
				AF6956521DECE4F900DCA06F /* CoreDataManager.swift in Sources */,
				AF6956AC1DEDA3EB00DCA06F /* JsonParsedObject.swift in Sources */,
				AF6C609C1DEC628C00DF57DF /* DataMuncher.xcdatamodeld in Sources */,
				AF6956AA1DED18B300DCA06F /* MainViewController.swift in Sources */,
				AF6956681DECFF8800DCA06F /* ExerciseItem.swift in Sources */,
				AF6956B41DEDBC7500DCA06F /* CategoriesViewController.swift in Sources */,
				AF6C60941DEC628C00DF57DF /* AppDelegate.swift in Sources */,
			);
			runOnlyForDeploymentPostprocessing = 0;
		};
		AF6C60A31DEC628C00DF57DF /* Sources */ = {
			isa = PBXSourcesBuildPhase;
			buildActionMask = 2147483647;
			files = (
				AF6C60AC1DEC628C00DF57DF /* DataMuncherTests.swift in Sources */,
			);
			runOnlyForDeploymentPostprocessing = 0;
		};
		AF6C60AE1DEC628C00DF57DF /* Sources */ = {
			isa = PBXSourcesBuildPhase;
			buildActionMask = 2147483647;
			files = (
				AF6C60B71DEC628C00DF57DF /* DataMuncherUITests.swift in Sources */,
			);
			runOnlyForDeploymentPostprocessing = 0;
		};
/* End PBXSourcesBuildPhase section */

/* Begin PBXTargetDependency section */
		AF6C60A91DEC628C00DF57DF /* PBXTargetDependency */ = {
			isa = PBXTargetDependency;
			target = AF6C608F1DEC628C00DF57DF /* DataMuncher */;
			targetProxy = AF6C60A81DEC628C00DF57DF /* PBXContainerItemProxy */;
		};
		AF6C60B41DEC628C00DF57DF /* PBXTargetDependency */ = {
			isa = PBXTargetDependency;
			target = AF6C608F1DEC628C00DF57DF /* DataMuncher */;
			targetProxy = AF6C60B31DEC628C00DF57DF /* PBXContainerItemProxy */;
		};
/* End PBXTargetDependency section */

/* Begin PBXVariantGroup section */
		AF6C60971DEC628C00DF57DF /* Main.storyboard */ = {
			isa = PBXVariantGroup;
			children = (
				AF6C60981DEC628C00DF57DF /* Base */,
			);
			name = Main.storyboard;
			sourceTree = "<group>";
		};
		AF6C609F1DEC628C00DF57DF /* LaunchScreen.storyboard */ = {
			isa = PBXVariantGroup;
			children = (
				AF6C60A01DEC628C00DF57DF /* Base */,
			);
			name = LaunchScreen.storyboard;
			sourceTree = "<group>";
		};
/* End PBXVariantGroup section */

/* Begin XCBuildConfiguration section */
		AF6C60B91DEC628C00DF57DF /* Debug */ = {
			isa = XCBuildConfiguration;
			buildSettings = {
				ALWAYS_SEARCH_USER_PATHS = NO;
				CLANG_ANALYZER_NONNULL = YES;
				CLANG_CXX_LANGUAGE_STANDARD = "gnu++0x";
				CLANG_CXX_LIBRARY = "libc++";
				CLANG_ENABLE_MODULES = YES;
				CLANG_ENABLE_OBJC_ARC = YES;
				CLANG_WARN_BOOL_CONVERSION = YES;
				CLANG_WARN_CONSTANT_CONVERSION = YES;
				CLANG_WARN_DIRECT_OBJC_ISA_USAGE = YES_ERROR;
				CLANG_WARN_DOCUMENTATION_COMMENTS = YES;
				CLANG_WARN_EMPTY_BODY = YES;
				CLANG_WARN_ENUM_CONVERSION = YES;
				CLANG_WARN_INFINITE_RECURSION = YES;
				CLANG_WARN_INT_CONVERSION = YES;
				CLANG_WARN_OBJC_ROOT_CLASS = YES_ERROR;
				CLANG_WARN_SUSPICIOUS_MOVES = YES;
				CLANG_WARN_UNREACHABLE_CODE = YES;
				CLANG_WARN__DUPLICATE_METHOD_MATCH = YES;
				"CODE_SIGN_IDENTITY[sdk=iphoneos*]" = "iPhone Developer";
				COPY_PHASE_STRIP = NO;
				DEBUG_INFORMATION_FORMAT = dwarf;
				ENABLE_STRICT_OBJC_MSGSEND = YES;
				ENABLE_TESTABILITY = YES;
				GCC_C_LANGUAGE_STANDARD = gnu99;
				GCC_DYNAMIC_NO_PIC = NO;
				GCC_NO_COMMON_BLOCKS = YES;
				GCC_OPTIMIZATION_LEVEL = 0;
				GCC_PREPROCESSOR_DEFINITIONS = (
					"DEBUG=1",
					"$(inherited)",
				);
				GCC_WARN_64_TO_32_BIT_CONVERSION = YES;
				GCC_WARN_ABOUT_RETURN_TYPE = YES_ERROR;
				GCC_WARN_UNDECLARED_SELECTOR = YES;
				GCC_WARN_UNINITIALIZED_AUTOS = YES_AGGRESSIVE;
				GCC_WARN_UNUSED_FUNCTION = YES;
				GCC_WARN_UNUSED_VARIABLE = YES;
				IPHONEOS_DEPLOYMENT_TARGET = 10.1;
				MTL_ENABLE_DEBUG_INFO = YES;
				ONLY_ACTIVE_ARCH = YES;
				SDKROOT = iphoneos;
				SWIFT_ACTIVE_COMPILATION_CONDITIONS = DEBUG;
				SWIFT_OPTIMIZATION_LEVEL = "-Onone";
				TARGETED_DEVICE_FAMILY = "1,2";
			};
			name = Debug;
		};
		AF6C60BA1DEC628C00DF57DF /* Release */ = {
			isa = XCBuildConfiguration;
			buildSettings = {
				ALWAYS_SEARCH_USER_PATHS = NO;
				CLANG_ANALYZER_NONNULL = YES;
				CLANG_CXX_LANGUAGE_STANDARD = "gnu++0x";
				CLANG_CXX_LIBRARY = "libc++";
				CLANG_ENABLE_MODULES = YES;
				CLANG_ENABLE_OBJC_ARC = YES;
				CLANG_WARN_BOOL_CONVERSION = YES;
				CLANG_WARN_CONSTANT_CONVERSION = YES;
				CLANG_WARN_DIRECT_OBJC_ISA_USAGE = YES_ERROR;
				CLANG_WARN_DOCUMENTATION_COMMENTS = YES;
				CLANG_WARN_EMPTY_BODY = YES;
				CLANG_WARN_ENUM_CONVERSION = YES;
				CLANG_WARN_INFINITE_RECURSION = YES;
				CLANG_WARN_INT_CONVERSION = YES;
				CLANG_WARN_OBJC_ROOT_CLASS = YES_ERROR;
				CLANG_WARN_SUSPICIOUS_MOVES = YES;
				CLANG_WARN_UNREACHABLE_CODE = YES;
				CLANG_WARN__DUPLICATE_METHOD_MATCH = YES;
				"CODE_SIGN_IDENTITY[sdk=iphoneos*]" = "iPhone Developer";
				COPY_PHASE_STRIP = NO;
				DEBUG_INFORMATION_FORMAT = "dwarf-with-dsym";
				ENABLE_NS_ASSERTIONS = NO;
				ENABLE_STRICT_OBJC_MSGSEND = YES;
				GCC_C_LANGUAGE_STANDARD = gnu99;
				GCC_NO_COMMON_BLOCKS = YES;
				GCC_WARN_64_TO_32_BIT_CONVERSION = YES;
				GCC_WARN_ABOUT_RETURN_TYPE = YES_ERROR;
				GCC_WARN_UNDECLARED_SELECTOR = YES;
				GCC_WARN_UNINITIALIZED_AUTOS = YES_AGGRESSIVE;
				GCC_WARN_UNUSED_FUNCTION = YES;
				GCC_WARN_UNUSED_VARIABLE = YES;
				IPHONEOS_DEPLOYMENT_TARGET = 10.1;
				MTL_ENABLE_DEBUG_INFO = NO;
				SDKROOT = iphoneos;
				SWIFT_OPTIMIZATION_LEVEL = "-Owholemodule";
				TARGETED_DEVICE_FAMILY = "1,2";
				VALIDATE_PRODUCT = YES;
			};
			name = Release;
		};
		AF6C60BC1DEC628C00DF57DF /* Debug */ = {
			isa = XCBuildConfiguration;
			baseConfigurationReference = 665A7DCAF3B65D0BEDAC8A06 /* Pods-DataMuncher.debug.xcconfig */;
			buildSettings = {
				ASSETCATALOG_COMPILER_APPICON_NAME = AppIcon;
				DEVELOPMENT_TEAM = TW9WUV96TG;
				INFOPLIST_FILE = DataMuncher/Info.plist;
				IPHONEOS_DEPLOYMENT_TARGET = 9.0;
				LD_RUNPATH_SEARCH_PATHS = "$(inherited) @executable_path/Frameworks";
				PRODUCT_BUNDLE_IDENTIFIER = edu.self.DataMuncher;
				PRODUCT_NAME = "$(TARGET_NAME)";
				SWIFT_VERSION = 3.0;
			};
			name = Debug;
		};
		AF6C60BD1DEC628C00DF57DF /* Release */ = {
			isa = XCBuildConfiguration;
			baseConfigurationReference = BAAC8FA42505E2884F678EF7 /* Pods-DataMuncher.release.xcconfig */;
			buildSettings = {
				ASSETCATALOG_COMPILER_APPICON_NAME = AppIcon;
				DEVELOPMENT_TEAM = TW9WUV96TG;
				INFOPLIST_FILE = DataMuncher/Info.plist;
				IPHONEOS_DEPLOYMENT_TARGET = 9.0;
				LD_RUNPATH_SEARCH_PATHS = "$(inherited) @executable_path/Frameworks";
				PRODUCT_BUNDLE_IDENTIFIER = edu.self.DataMuncher;
				PRODUCT_NAME = "$(TARGET_NAME)";
				SWIFT_VERSION = 3.0;
			};
			name = Release;
		};
		AF6C60BF1DEC628C00DF57DF /* Debug */ = {
			isa = XCBuildConfiguration;
			baseConfigurationReference = BECF6EF6607543751D9A0889 /* Pods-DataMuncherTests.debug.xcconfig */;
			buildSettings = {
				ALWAYS_EMBED_SWIFT_STANDARD_LIBRARIES = YES;
				BUNDLE_LOADER = "$(TEST_HOST)";
				DEVELOPMENT_TEAM = TW9WUV96TG;
				INFOPLIST_FILE = DataMuncherTests/Info.plist;
				LD_RUNPATH_SEARCH_PATHS = "$(inherited) @executable_path/Frameworks @loader_path/Frameworks";
				PRODUCT_BUNDLE_IDENTIFIER = edu.self.DataMuncherTests;
				PRODUCT_NAME = "$(TARGET_NAME)";
				SWIFT_VERSION = 3.0;
				TEST_HOST = "$(BUILT_PRODUCTS_DIR)/DataMuncher.app/DataMuncher";
			};
			name = Debug;
		};
		AF6C60C01DEC628C00DF57DF /* Release */ = {
			isa = XCBuildConfiguration;
			baseConfigurationReference = 751365F7354FB4BB2176A769 /* Pods-DataMuncherTests.release.xcconfig */;
			buildSettings = {
				ALWAYS_EMBED_SWIFT_STANDARD_LIBRARIES = YES;
				BUNDLE_LOADER = "$(TEST_HOST)";
				DEVELOPMENT_TEAM = TW9WUV96TG;
				INFOPLIST_FILE = DataMuncherTests/Info.plist;
				LD_RUNPATH_SEARCH_PATHS = "$(inherited) @executable_path/Frameworks @loader_path/Frameworks";
				PRODUCT_BUNDLE_IDENTIFIER = edu.self.DataMuncherTests;
				PRODUCT_NAME = "$(TARGET_NAME)";
				SWIFT_VERSION = 3.0;
				TEST_HOST = "$(BUILT_PRODUCTS_DIR)/DataMuncher.app/DataMuncher";
			};
			name = Release;
		};
		AF6C60C21DEC628C00DF57DF /* Debug */ = {
			isa = XCBuildConfiguration;
			baseConfigurationReference = BFFDEB1215C8320FE3A0BC7A /* Pods-DataMuncherUITests.debug.xcconfig */;
			buildSettings = {
				ALWAYS_EMBED_SWIFT_STANDARD_LIBRARIES = YES;
				DEVELOPMENT_TEAM = TW9WUV96TG;
				INFOPLIST_FILE = DataMuncherUITests/Info.plist;
				LD_RUNPATH_SEARCH_PATHS = "$(inherited) @executable_path/Frameworks @loader_path/Frameworks";
				PRODUCT_BUNDLE_IDENTIFIER = edu.self.DataMuncherUITests;
				PRODUCT_NAME = "$(TARGET_NAME)";
				SWIFT_VERSION = 3.0;
				TEST_TARGET_NAME = DataMuncher;
			};
			name = Debug;
		};
		AF6C60C31DEC628C00DF57DF /* Release */ = {
			isa = XCBuildConfiguration;
			baseConfigurationReference = BDB7767E41FAD65258623CF8 /* Pods-DataMuncherUITests.release.xcconfig */;
			buildSettings = {
				ALWAYS_EMBED_SWIFT_STANDARD_LIBRARIES = YES;
				DEVELOPMENT_TEAM = TW9WUV96TG;
				INFOPLIST_FILE = DataMuncherUITests/Info.plist;
				LD_RUNPATH_SEARCH_PATHS = "$(inherited) @executable_path/Frameworks @loader_path/Frameworks";
				PRODUCT_BUNDLE_IDENTIFIER = edu.self.DataMuncherUITests;
				PRODUCT_NAME = "$(TARGET_NAME)";
				SWIFT_VERSION = 3.0;
				TEST_TARGET_NAME = DataMuncher;
			};
			name = Release;
		};
/* End XCBuildConfiguration section */

/* Begin XCConfigurationList section */
		AF6C608B1DEC628C00DF57DF /* Build configuration list for PBXProject "DataMuncher" */ = {
			isa = XCConfigurationList;
			buildConfigurations = (
				AF6C60B91DEC628C00DF57DF /* Debug */,
				AF6C60BA1DEC628C00DF57DF /* Release */,
			);
			defaultConfigurationIsVisible = 0;
			defaultConfigurationName = Release;
		};
		AF6C60BB1DEC628C00DF57DF /* Build configuration list for PBXNativeTarget "DataMuncher" */ = {
			isa = XCConfigurationList;
			buildConfigurations = (
				AF6C60BC1DEC628C00DF57DF /* Debug */,
				AF6C60BD1DEC628C00DF57DF /* Release */,
			);
			defaultConfigurationIsVisible = 0;
			defaultConfigurationName = Release;
		};
		AF6C60BE1DEC628C00DF57DF /* Build configuration list for PBXNativeTarget "DataMuncherTests" */ = {
			isa = XCConfigurationList;
			buildConfigurations = (
				AF6C60BF1DEC628C00DF57DF /* Debug */,
				AF6C60C01DEC628C00DF57DF /* Release */,
			);
			defaultConfigurationIsVisible = 0;
			defaultConfigurationName = Release;
		};
		AF6C60C11DEC628C00DF57DF /* Build configuration list for PBXNativeTarget "DataMuncherUITests" */ = {
			isa = XCConfigurationList;
			buildConfigurations = (
				AF6C60C21DEC628C00DF57DF /* Debug */,
				AF6C60C31DEC628C00DF57DF /* Release */,
			);
			defaultConfigurationIsVisible = 0;
			defaultConfigurationName = Release;
		};
/* End XCConfigurationList section */

/* Begin XCVersionGroup section */
		AF6C609A1DEC628C00DF57DF /* DataMuncher.xcdatamodeld */ = {
			isa = XCVersionGroup;
			children = (
				AF6C609B1DEC628C00DF57DF /* DataMuncher.xcdatamodel */,
			);
			currentVersion = AF6C609B1DEC628C00DF57DF /* DataMuncher.xcdatamodel */;
			path = DataMuncher.xcdatamodeld;
			sourceTree = "<group>";
			versionGroupType = wrapper.xcdatamodel;
		};
/* End XCVersionGroup section */
	};
	rootObject = AF6C60881DEC628C00DF57DF /* Project object */;
}
